
Microsoft Visual Studio Solution File, Format Version 12.00
# Visual Studio 2013
VisualStudioVersion = 12.0.21005.1
MinimumVisualStudioVersion = 10.0.40219.1
Project("{FAE04EC0-301F-11D3-BF4B-00C04F79EFBC}") = "HelloWorld", "HelloWorld\HelloWorld.csproj", "{2E641E3B-AC60-406E-A05D-F4354E3D0401}"
EndProject
Project("{FAE04EC0-301F-11D3-BF4B-00C04F79EFBC}") = "Exercise1-1", "Exercise1-1\Exercise1-1.csproj", "{B5AFA6B0-D449-4125-8FEB-DCF57E8C309D}"
EndProject
Project("{FAE04EC0-301F-11D3-BF4B-00C04F79EFBC}") = "Challenge1", "Challenge1\Challenge1.csproj", "{1812AD72-BBB4-4D89-9D0C-335FD54B4EF0}"
EndProject
Project("{FAE04EC0-301F-11D3-BF4B-00C04F79EFBC}") = "Exercise3-1", "Exercise3-1\Exercise3-1.csproj", "{B1BFC1E1-7BBB-453C-AE68-D892B5767A1A}"
EndProject
Project("{FAE04EC0-301F-11D3-BF4B-00C04F79EFBC}") = "Exercise3-3", "Exercise3-3\Exercise3-3.csproj", "{02E6BEEF-AA79-4087-B68D-C2919D924E80}"
EndProject
Project("{FAE04EC0-301F-11D3-BF4B-00C04F79EFBC}") = "Exercise3-4", "Exercise3-4\Exercise3-4.csproj", "{F1178F9D-5E5D-43E9-9D74-769AC059316E}"
EndProject
Project("{FAE04EC0-301F-11D3-BF4B-00C04F79EFBC}") = "Exercise4-1", "Exercise4-1\Exercise4-1.csproj", "{30C476E4-57E3-4EB2-AA2E-B8B6C78890EE}"
EndProject
Project("{FAE04EC0-301F-11D3-BF4B-00C04F79EFBC}") = "Exercise4-3", "Exercise4-3\Exercise4-3.csproj", "{1A722AAD-654D-47E2-A05A-E19DF7219C7B}"
EndProject
Project("{FAE04EC0-301F-11D3-BF4B-00C04F79EFBC}") = "Exercise4-4", "Exercise4-4\Exercise4-4.csproj", "{B0508612-3F0F-465B-B854-BEE7D285CCCC}"
EndProject
Project("{FAE04EC0-301F-11D3-BF4B-00C04F79EFBC}") = "Exercise5-1", "Exercise5-1\Exercise5-1.csproj", "{FAAC727B-CA02-49BA-85BB-09F97AE6DEA7}"
EndProject
Project("{FAE04EC0-301F-11D3-BF4B-00C04F79EFBC}") = "Exercise5-2", "Exercise5-2\Exercise5-2.csproj", "{1C1C58FA-1257-49FA-96B4-F8139D05C863}"
EndProject
Project("{FAE04EC0-301F-11D3-BF4B-00C04F79EFBC}") = "Exercise5-3", "Exercise5-3\Exercise5-3.csproj", "{D7082657-8D5B-4FAD-8256-083E92124AD1}"
EndProject
Project("{FAE04EC0-301F-11D3-BF4B-00C04F79EFBC}") = "Exercise5-4", "Exercise5-4\Exercise5-4.csproj", "{2D006E65-F4D0-4360-93FE-D1A7AA1D096E}"
EndProject
Project("{FAE04EC0-301F-11D3-BF4B-00C04F79EFBC}") = "Exercise7-1", "Exercise7-1\Exercise7-1.csproj", "{6565DA09-9B61-4E46-8C72-ADEE572B5EA3}"
EndProject
Project("{FAE04EC0-301F-11D3-BF4B-00C04F79EFBC}") = "Exercise7-2", "Exercise7-2\Exercise7-2.csproj", "{71E84625-4B03-4CF4-9386-A620FB6EC53A}"
EndProject
Project("{FAE04EC0-301F-11D3-BF4B-00C04F79EFBC}") = "Exercise7-3", "Exercise7-3\Exercise7-3.csproj", "{224DE7A6-6716-482A-A823-D1C4DBF7D078}"
EndProject
Project("{FAE04EC0-301F-11D3-BF4B-00C04F79EFBC}") = "Exercise7-4", "Exercise7-4\Exercise7-4.csproj", "{25FB0F1F-C7C0-47CF-83C6-D6D81459ACC1}"
EndProject
Project("{FAE04EC0-301F-11D3-BF4B-00C04F79EFBC}") = "Exercise8-1", "Exercise8-1\Exercise8-1.csproj", "{966E98D2-902D-4EFF-AF1E-E217C0EAF646}"
EndProject
Project("{FAE04EC0-301F-11D3-BF4B-00C04F79EFBC}") = "Exercise8_2", "Exercise8_2\Exercise8_2.csproj", "{B17659C5-6009-4450-9604-D0BE0F732950}"
EndProject
Project("{FAE04EC0-301F-11D3-BF4B-00C04F79EFBC}") = "Exercise8_3", "Exercise8_3\Exercise8_3.csproj", "{4100886F-DC6B-4028-A415-8330568A26E2}"
EndProject
Project("{FAE04EC0-301F-11D3-BF4B-00C04F79EFBC}") = "Exercise9-1", "Exercise9-1\Exercise9-1.csproj", "{8A4CA6F3-2C30-434E-9C9E-47ED65A4E996}"
EndProject
Project("{FAE04EC0-301F-11D3-BF4B-00C04F79EFBC}") = "Exercise_9_2", "Exercise_9_2\Exercise_9_2.csproj", "{C87485EE-F84B-41AD-9635-A08A3361F10E}"
EndProject
Project("{FAE04EC0-301F-11D3-BF4B-00C04F79EFBC}") = "Exercise9-3", "Exercise9-3\Exercise9-3.csproj", "{1530CE68-05D4-40F2-8738-BF5F2602ADE1}"
EndProject
Project("{FAE04EC0-301F-11D3-BF4B-00C04F79EFBC}") = "Exercise10-1", "Exercise10-1\Exercise10-1.csproj", "{920CF4E9-F6C6-48F0-8D0D-11B80813D7EE}"
EndProject
Project("{FAE04EC0-301F-11D3-BF4B-00C04F79EFBC}") = "Exercise10-2", "Exercise10-2\Exercise10-2.csproj", "{A44E3EAC-A128-40F6-BB24-AE4C1BF4F84B}"
EndProject
Project("{FAE04EC0-301F-11D3-BF4B-00C04F79EFBC}") = "Exercise10-3", "Exercise10-3\Exercise10-3.csproj", "{D0982B32-A6DA-49D6-BBF2-FA3DD623EC39}"
EndProject
Project("{FAE04EC0-301F-11D3-BF4B-00C04F79EFBC}") = "Exercise10-4", "Exercise10-4\Exercise10-4.csproj", "{B00F4C11-0E7F-430F-A680-DD337D92D6A5}"
EndProject
Project("{FAE04EC0-301F-11D3-BF4B-00C04F79EFBC}") = "Challenge2", "Challenge2\Challenge2.csproj", "{9E4C231C-B46C-4109-A8F7-3320126AB311}"
EndProject
Project("{FAE04EC0-301F-11D3-BF4B-00C04F79EFBC}") = "Exercise11-1", "Exercise11-1\Exercise11-1.csproj", "{A59193B4-5F3D-4F54-944E-00D811C48E6E}"
EndProject
Project("{FAE04EC0-301F-11D3-BF4B-00C04F79EFBC}") = "Exercise11-2", "Exercise11-2\Exercise11-2.csproj", "{C942F29A-DA96-4F61-A901-1C1677B1390B}"
EndProject
Project("{FAE04EC0-301F-11D3-BF4B-00C04F79EFBC}") = "Exercise11-3", "Exercise11-3\Exercise11-3.csproj", "{EA007DB9-5B9F-4064-ACAD-DA1EF2D459F6}"
EndProject
Project("{FAE04EC0-301F-11D3-BF4B-00C04F79EFBC}") = "Exercise11-4", "Exercise11-4\Exercise11-4.csproj", "{7574F017-A021-4BD9-98AA-37628EF29809}"
EndProject
Project("{FAE04EC0-301F-11D3-BF4B-00C04F79EFBC}") = "Exercise12-1", "Exercise12-1\Exercise12-1.csproj", "{55A321F7-A3FC-4AF3-B587-B1EBFE3EB198}"
EndProject
Project("{FAE04EC0-301F-11D3-BF4B-00C04F79EFBC}") = "Exercise12-2", "Exercise12-2\Exercise12-2.csproj", "{343A16E8-86C9-4188-8BE5-64BCC9E7FADF}"
EndProject
Project("{FAE04EC0-301F-11D3-BF4B-00C04F79EFBC}") = "Exercise12-3", "Exercise12-3\Exercise12-3.csproj", "{FA6A5336-872D-486D-BA28-1F4E16BCA198}"
EndProject
Project("{FAE04EC0-301F-11D3-BF4B-00C04F79EFBC}") = "Exercise12-4", "Exercise12-4\Exercise12-4.csproj", "{29EAB3D9-D50F-4F61-AF96-23E6CBD92E45}"
EndProject
Project("{FAE04EC0-301F-11D3-BF4B-00C04F79EFBC}") = "Exercise13-1", "Exercise13-1\Exercise13-1.csproj", "{1CAB2E73-9CA2-4584-8923-E70B93D2AB3E}"
EndProject
Project("{FAE04EC0-301F-11D3-BF4B-00C04F79EFBC}") = "Exercise13-2", "Exercise13-2\Exercise13-2.csproj", "{52C10C82-EAA6-4C94-BDF5-AAEE23A1DB06}"
EndProject
Project("{FAE04EC0-301F-11D3-BF4B-00C04F79EFBC}") = "Exercise13-3", "Exercise13-3\Exercise13-3.csproj", "{B2340F6E-A184-4DE0-A19F-F992248E0C9E}"
EndProject
Project("{FAE04EC0-301F-11D3-BF4B-00C04F79EFBC}") = "Exercise13-4", "Exercise13-4\Exercise13-4.csproj", "{DE7037DC-CF6A-4398-839F-C7AAA34F7DE0}"
EndProject
Project("{FAE04EC0-301F-11D3-BF4B-00C04F79EFBC}") = "Exercise14-1", "Exercise14-1\Exercise14-1.csproj", "{C177FF9E-83D9-4B63-930D-FA08B18B3016}"
EndProject
Project("{FAE04EC0-301F-11D3-BF4B-00C04F79EFBC}") = "Exercise14-2", "Exercise14-2\Exercise14-2.csproj", "{D7DC3CAA-A777-4297-8668-2CAB50AA63EB}"
EndProject
Project("{FAE04EC0-301F-11D3-BF4B-00C04F79EFBC}") = "Exercise14-3", "Exercise14-3\Exercise14-3.csproj", "{3DC9488A-8D1F-4FDE-BA2A-E5E5060164EB}"
EndProject
Project("{FAE04EC0-301F-11D3-BF4B-00C04F79EFBC}") = "Exercise14-4", "Exercise14-4\Exercise14-4.csproj", "{9B897269-8CC1-4E23-BE46-B4EAE4B7FDD3}"
EndProject
Project("{FAE04EC0-301F-11D3-BF4B-00C04F79EFBC}") = "Exercise15-1", "Exercise15-1\Exercise15-1.csproj", "{8D6A80EE-1386-439F-8117-9A5FE91A2096}"
EndProject
Project("{FAE04EC0-301F-11D3-BF4B-00C04F79EFBC}") = "Exercise15_2", "Exercise15_2\Exercise15_2.csproj", "{CF634E17-6996-4607-BDB8-AAF291AFE2AF}"
EndProject
Project("{FAE04EC0-301F-11D3-BF4B-00C04F79EFBC}") = "Exercise15_3", "Exercise15_3\Exercise15_3.csproj", "{7A60CC7D-489A-4B3E-9994-8DBE309D639C}"
EndProject
Project("{FAE04EC0-301F-11D3-BF4B-00C04F79EFBC}") = "Exercise15_4", "Exercise15_4\Exercise15_4.csproj", "{5D497CB4-004F-4DD4-9A9C-0FA795665231}"
EndProject
Project("{FAE04EC0-301F-11D3-BF4B-00C04F79EFBC}") = "Exercise16_1", "Exercise16_1\Exercise16_1.csproj", "{75620E9B-FFDC-4244-8B00-085FE2D964DA}"
EndProject
Project("{FAE04EC0-301F-11D3-BF4B-00C04F79EFBC}") = "Exercise16_2", "Exercise16_2\Exercise16_2.csproj", "{E9D516CE-D0BC-4335-8863-765D8EB2A26C}"
EndProject
Project("{FAE04EC0-301F-11D3-BF4B-00C04F79EFBC}") = "Exercise16_3", "Exercise16_3\Exercise16_3.csproj", "{4B9A1D78-2E62-4E3A-85F6-698A8A3F8C32}"
EndProject
Project("{FAE04EC0-301F-11D3-BF4B-00C04F79EFBC}") = "Exercise16_4", "Exercise16_4\Exercise16_4.csproj", "{DF338D8D-6EC5-4762-B981-0B7630A249F8}"
EndProject
Global
	GlobalSection(SolutionConfigurationPlatforms) = preSolution
		Debug|Any CPU = Debug|Any CPU
		Release|Any CPU = Release|Any CPU
	EndGlobalSection
	GlobalSection(ProjectConfigurationPlatforms) = postSolution
		{2E641E3B-AC60-406E-A05D-F4354E3D0401}.Debug|Any CPU.ActiveCfg = Debug|Any CPU
		{2E641E3B-AC60-406E-A05D-F4354E3D0401}.Debug|Any CPU.Build.0 = Debug|Any CPU
		{2E641E3B-AC60-406E-A05D-F4354E3D0401}.Release|Any CPU.ActiveCfg = Release|Any CPU
		{2E641E3B-AC60-406E-A05D-F4354E3D0401}.Release|Any CPU.Build.0 = Release|Any CPU
		{B5AFA6B0-D449-4125-8FEB-DCF57E8C309D}.Debug|Any CPU.ActiveCfg = Debug|Any CPU
		{B5AFA6B0-D449-4125-8FEB-DCF57E8C309D}.Debug|Any CPU.Build.0 = Debug|Any CPU
		{B5AFA6B0-D449-4125-8FEB-DCF57E8C309D}.Release|Any CPU.ActiveCfg = Release|Any CPU
		{B5AFA6B0-D449-4125-8FEB-DCF57E8C309D}.Release|Any CPU.Build.0 = Release|Any CPU
		{1812AD72-BBB4-4D89-9D0C-335FD54B4EF0}.Debug|Any CPU.ActiveCfg = Debug|Any CPU
		{1812AD72-BBB4-4D89-9D0C-335FD54B4EF0}.Debug|Any CPU.Build.0 = Debug|Any CPU
		{1812AD72-BBB4-4D89-9D0C-335FD54B4EF0}.Release|Any CPU.ActiveCfg = Release|Any CPU
		{1812AD72-BBB4-4D89-9D0C-335FD54B4EF0}.Release|Any CPU.Build.0 = Release|Any CPU
		{B1BFC1E1-7BBB-453C-AE68-D892B5767A1A}.Debug|Any CPU.ActiveCfg = Debug|Any CPU
		{B1BFC1E1-7BBB-453C-AE68-D892B5767A1A}.Debug|Any CPU.Build.0 = Debug|Any CPU
		{B1BFC1E1-7BBB-453C-AE68-D892B5767A1A}.Release|Any CPU.ActiveCfg = Release|Any CPU
		{B1BFC1E1-7BBB-453C-AE68-D892B5767A1A}.Release|Any CPU.Build.0 = Release|Any CPU
		{02E6BEEF-AA79-4087-B68D-C2919D924E80}.Debug|Any CPU.ActiveCfg = Debug|Any CPU
		{02E6BEEF-AA79-4087-B68D-C2919D924E80}.Debug|Any CPU.Build.0 = Debug|Any CPU
		{02E6BEEF-AA79-4087-B68D-C2919D924E80}.Release|Any CPU.ActiveCfg = Release|Any CPU
		{02E6BEEF-AA79-4087-B68D-C2919D924E80}.Release|Any CPU.Build.0 = Release|Any CPU
		{F1178F9D-5E5D-43E9-9D74-769AC059316E}.Debug|Any CPU.ActiveCfg = Debug|Any CPU
		{F1178F9D-5E5D-43E9-9D74-769AC059316E}.Debug|Any CPU.Build.0 = Debug|Any CPU
		{F1178F9D-5E5D-43E9-9D74-769AC059316E}.Release|Any CPU.ActiveCfg = Release|Any CPU
		{F1178F9D-5E5D-43E9-9D74-769AC059316E}.Release|Any CPU.Build.0 = Release|Any CPU
		{30C476E4-57E3-4EB2-AA2E-B8B6C78890EE}.Debug|Any CPU.ActiveCfg = Debug|Any CPU
		{30C476E4-57E3-4EB2-AA2E-B8B6C78890EE}.Debug|Any CPU.Build.0 = Debug|Any CPU
		{30C476E4-57E3-4EB2-AA2E-B8B6C78890EE}.Release|Any CPU.ActiveCfg = Release|Any CPU
		{30C476E4-57E3-4EB2-AA2E-B8B6C78890EE}.Release|Any CPU.Build.0 = Release|Any CPU
		{1A722AAD-654D-47E2-A05A-E19DF7219C7B}.Debug|Any CPU.ActiveCfg = Debug|Any CPU
		{1A722AAD-654D-47E2-A05A-E19DF7219C7B}.Debug|Any CPU.Build.0 = Debug|Any CPU
		{1A722AAD-654D-47E2-A05A-E19DF7219C7B}.Release|Any CPU.ActiveCfg = Release|Any CPU
		{1A722AAD-654D-47E2-A05A-E19DF7219C7B}.Release|Any CPU.Build.0 = Release|Any CPU
		{B0508612-3F0F-465B-B854-BEE7D285CCCC}.Debug|Any CPU.ActiveCfg = Debug|Any CPU
		{B0508612-3F0F-465B-B854-BEE7D285CCCC}.Debug|Any CPU.Build.0 = Debug|Any CPU
		{B0508612-3F0F-465B-B854-BEE7D285CCCC}.Release|Any CPU.ActiveCfg = Release|Any CPU
		{B0508612-3F0F-465B-B854-BEE7D285CCCC}.Release|Any CPU.Build.0 = Release|Any CPU
		{FAAC727B-CA02-49BA-85BB-09F97AE6DEA7}.Debug|Any CPU.ActiveCfg = Debug|Any CPU
		{FAAC727B-CA02-49BA-85BB-09F97AE6DEA7}.Debug|Any CPU.Build.0 = Debug|Any CPU
		{FAAC727B-CA02-49BA-85BB-09F97AE6DEA7}.Release|Any CPU.ActiveCfg = Release|Any CPU
		{FAAC727B-CA02-49BA-85BB-09F97AE6DEA7}.Release|Any CPU.Build.0 = Release|Any CPU
		{1C1C58FA-1257-49FA-96B4-F8139D05C863}.Debug|Any CPU.ActiveCfg = Debug|Any CPU
		{1C1C58FA-1257-49FA-96B4-F8139D05C863}.Debug|Any CPU.Build.0 = Debug|Any CPU
		{1C1C58FA-1257-49FA-96B4-F8139D05C863}.Release|Any CPU.ActiveCfg = Release|Any CPU
		{1C1C58FA-1257-49FA-96B4-F8139D05C863}.Release|Any CPU.Build.0 = Release|Any CPU
		{D7082657-8D5B-4FAD-8256-083E92124AD1}.Debug|Any CPU.ActiveCfg = Debug|Any CPU
		{D7082657-8D5B-4FAD-8256-083E92124AD1}.Debug|Any CPU.Build.0 = Debug|Any CPU
		{D7082657-8D5B-4FAD-8256-083E92124AD1}.Release|Any CPU.ActiveCfg = Release|Any CPU
		{D7082657-8D5B-4FAD-8256-083E92124AD1}.Release|Any CPU.Build.0 = Release|Any CPU
		{2D006E65-F4D0-4360-93FE-D1A7AA1D096E}.Debug|Any CPU.ActiveCfg = Debug|Any CPU
		{2D006E65-F4D0-4360-93FE-D1A7AA1D096E}.Debug|Any CPU.Build.0 = Debug|Any CPU
		{2D006E65-F4D0-4360-93FE-D1A7AA1D096E}.Release|Any CPU.ActiveCfg = Release|Any CPU
		{2D006E65-F4D0-4360-93FE-D1A7AA1D096E}.Release|Any CPU.Build.0 = Release|Any CPU
		{6565DA09-9B61-4E46-8C72-ADEE572B5EA3}.Debug|Any CPU.ActiveCfg = Debug|Any CPU
		{6565DA09-9B61-4E46-8C72-ADEE572B5EA3}.Debug|Any CPU.Build.0 = Debug|Any CPU
		{6565DA09-9B61-4E46-8C72-ADEE572B5EA3}.Release|Any CPU.ActiveCfg = Release|Any CPU
		{6565DA09-9B61-4E46-8C72-ADEE572B5EA3}.Release|Any CPU.Build.0 = Release|Any CPU
		{71E84625-4B03-4CF4-9386-A620FB6EC53A}.Debug|Any CPU.ActiveCfg = Debug|Any CPU
		{71E84625-4B03-4CF4-9386-A620FB6EC53A}.Debug|Any CPU.Build.0 = Debug|Any CPU
		{71E84625-4B03-4CF4-9386-A620FB6EC53A}.Release|Any CPU.ActiveCfg = Release|Any CPU
		{71E84625-4B03-4CF4-9386-A620FB6EC53A}.Release|Any CPU.Build.0 = Release|Any CPU
		{224DE7A6-6716-482A-A823-D1C4DBF7D078}.Debug|Any CPU.ActiveCfg = Debug|Any CPU
		{224DE7A6-6716-482A-A823-D1C4DBF7D078}.Debug|Any CPU.Build.0 = Debug|Any CPU
		{224DE7A6-6716-482A-A823-D1C4DBF7D078}.Release|Any CPU.ActiveCfg = Release|Any CPU
		{224DE7A6-6716-482A-A823-D1C4DBF7D078}.Release|Any CPU.Build.0 = Release|Any CPU
		{25FB0F1F-C7C0-47CF-83C6-D6D81459ACC1}.Debug|Any CPU.ActiveCfg = Debug|Any CPU
		{25FB0F1F-C7C0-47CF-83C6-D6D81459ACC1}.Debug|Any CPU.Build.0 = Debug|Any CPU
		{25FB0F1F-C7C0-47CF-83C6-D6D81459ACC1}.Release|Any CPU.ActiveCfg = Release|Any CPU
		{25FB0F1F-C7C0-47CF-83C6-D6D81459ACC1}.Release|Any CPU.Build.0 = Release|Any CPU
		{966E98D2-902D-4EFF-AF1E-E217C0EAF646}.Debug|Any CPU.ActiveCfg = Debug|Any CPU
		{966E98D2-902D-4EFF-AF1E-E217C0EAF646}.Debug|Any CPU.Build.0 = Debug|Any CPU
		{966E98D2-902D-4EFF-AF1E-E217C0EAF646}.Release|Any CPU.ActiveCfg = Release|Any CPU
		{966E98D2-902D-4EFF-AF1E-E217C0EAF646}.Release|Any CPU.Build.0 = Release|Any CPU
		{B17659C5-6009-4450-9604-D0BE0F732950}.Debug|Any CPU.ActiveCfg = Debug|Any CPU
		{B17659C5-6009-4450-9604-D0BE0F732950}.Debug|Any CPU.Build.0 = Debug|Any CPU
		{B17659C5-6009-4450-9604-D0BE0F732950}.Release|Any CPU.ActiveCfg = Release|Any CPU
		{B17659C5-6009-4450-9604-D0BE0F732950}.Release|Any CPU.Build.0 = Release|Any CPU
		{4100886F-DC6B-4028-A415-8330568A26E2}.Debug|Any CPU.ActiveCfg = Debug|Any CPU
		{4100886F-DC6B-4028-A415-8330568A26E2}.Debug|Any CPU.Build.0 = Debug|Any CPU
		{4100886F-DC6B-4028-A415-8330568A26E2}.Release|Any CPU.ActiveCfg = Release|Any CPU
		{4100886F-DC6B-4028-A415-8330568A26E2}.Release|Any CPU.Build.0 = Release|Any CPU
		{8A4CA6F3-2C30-434E-9C9E-47ED65A4E996}.Debug|Any CPU.ActiveCfg = Debug|Any CPU
		{8A4CA6F3-2C30-434E-9C9E-47ED65A4E996}.Debug|Any CPU.Build.0 = Debug|Any CPU
		{8A4CA6F3-2C30-434E-9C9E-47ED65A4E996}.Release|Any CPU.ActiveCfg = Release|Any CPU
		{8A4CA6F3-2C30-434E-9C9E-47ED65A4E996}.Release|Any CPU.Build.0 = Release|Any CPU
		{C87485EE-F84B-41AD-9635-A08A3361F10E}.Debug|Any CPU.ActiveCfg = Debug|Any CPU
		{C87485EE-F84B-41AD-9635-A08A3361F10E}.Debug|Any CPU.Build.0 = Debug|Any CPU
		{C87485EE-F84B-41AD-9635-A08A3361F10E}.Release|Any CPU.ActiveCfg = Release|Any CPU
		{C87485EE-F84B-41AD-9635-A08A3361F10E}.Release|Any CPU.Build.0 = Release|Any CPU
		{1530CE68-05D4-40F2-8738-BF5F2602ADE1}.Debug|Any CPU.ActiveCfg = Debug|Any CPU
		{1530CE68-05D4-40F2-8738-BF5F2602ADE1}.Debug|Any CPU.Build.0 = Debug|Any CPU
		{1530CE68-05D4-40F2-8738-BF5F2602ADE1}.Release|Any CPU.ActiveCfg = Release|Any CPU
		{1530CE68-05D4-40F2-8738-BF5F2602ADE1}.Release|Any CPU.Build.0 = Release|Any CPU
		{920CF4E9-F6C6-48F0-8D0D-11B80813D7EE}.Debug|Any CPU.ActiveCfg = Debug|Any CPU
		{920CF4E9-F6C6-48F0-8D0D-11B80813D7EE}.Debug|Any CPU.Build.0 = Debug|Any CPU
		{920CF4E9-F6C6-48F0-8D0D-11B80813D7EE}.Release|Any CPU.ActiveCfg = Release|Any CPU
		{920CF4E9-F6C6-48F0-8D0D-11B80813D7EE}.Release|Any CPU.Build.0 = Release|Any CPU
		{A44E3EAC-A128-40F6-BB24-AE4C1BF4F84B}.Debug|Any CPU.ActiveCfg = Debug|Any CPU
		{A44E3EAC-A128-40F6-BB24-AE4C1BF4F84B}.Debug|Any CPU.Build.0 = Debug|Any CPU
		{A44E3EAC-A128-40F6-BB24-AE4C1BF4F84B}.Release|Any CPU.ActiveCfg = Release|Any CPU
		{A44E3EAC-A128-40F6-BB24-AE4C1BF4F84B}.Release|Any CPU.Build.0 = Release|Any CPU
		{D0982B32-A6DA-49D6-BBF2-FA3DD623EC39}.Debug|Any CPU.ActiveCfg = Debug|Any CPU
		{D0982B32-A6DA-49D6-BBF2-FA3DD623EC39}.Debug|Any CPU.Build.0 = Debug|Any CPU
		{D0982B32-A6DA-49D6-BBF2-FA3DD623EC39}.Release|Any CPU.ActiveCfg = Release|Any CPU
		{D0982B32-A6DA-49D6-BBF2-FA3DD623EC39}.Release|Any CPU.Build.0 = Release|Any CPU
		{B00F4C11-0E7F-430F-A680-DD337D92D6A5}.Debug|Any CPU.ActiveCfg = Debug|Any CPU
		{B00F4C11-0E7F-430F-A680-DD337D92D6A5}.Debug|Any CPU.Build.0 = Debug|Any CPU
		{B00F4C11-0E7F-430F-A680-DD337D92D6A5}.Release|Any CPU.ActiveCfg = Release|Any CPU
		{B00F4C11-0E7F-430F-A680-DD337D92D6A5}.Release|Any CPU.Build.0 = Release|Any CPU
		{9E4C231C-B46C-4109-A8F7-3320126AB311}.Debug|Any CPU.ActiveCfg = Debug|Any CPU
		{9E4C231C-B46C-4109-A8F7-3320126AB311}.Debug|Any CPU.Build.0 = Debug|Any CPU
		{9E4C231C-B46C-4109-A8F7-3320126AB311}.Release|Any CPU.ActiveCfg = Release|Any CPU
		{9E4C231C-B46C-4109-A8F7-3320126AB311}.Release|Any CPU.Build.0 = Release|Any CPU
		{A59193B4-5F3D-4F54-944E-00D811C48E6E}.Debug|Any CPU.ActiveCfg = Debug|Any CPU
		{A59193B4-5F3D-4F54-944E-00D811C48E6E}.Debug|Any CPU.Build.0 = Debug|Any CPU
		{A59193B4-5F3D-4F54-944E-00D811C48E6E}.Release|Any CPU.ActiveCfg = Release|Any CPU
		{A59193B4-5F3D-4F54-944E-00D811C48E6E}.Release|Any CPU.Build.0 = Release|Any CPU
		{C942F29A-DA96-4F61-A901-1C1677B1390B}.Debug|Any CPU.ActiveCfg = Debug|Any CPU
		{C942F29A-DA96-4F61-A901-1C1677B1390B}.Debug|Any CPU.Build.0 = Debug|Any CPU
		{C942F29A-DA96-4F61-A901-1C1677B1390B}.Release|Any CPU.ActiveCfg = Release|Any CPU
		{C942F29A-DA96-4F61-A901-1C1677B1390B}.Release|Any CPU.Build.0 = Release|Any CPU
		{EA007DB9-5B9F-4064-ACAD-DA1EF2D459F6}.Debug|Any CPU.ActiveCfg = Debug|Any CPU
		{EA007DB9-5B9F-4064-ACAD-DA1EF2D459F6}.Debug|Any CPU.Build.0 = Debug|Any CPU
		{EA007DB9-5B9F-4064-ACAD-DA1EF2D459F6}.Release|Any CPU.ActiveCfg = Release|Any CPU
		{EA007DB9-5B9F-4064-ACAD-DA1EF2D459F6}.Release|Any CPU.Build.0 = Release|Any CPU
		{7574F017-A021-4BD9-98AA-37628EF29809}.Debug|Any CPU.ActiveCfg = Debug|Any CPU
		{7574F017-A021-4BD9-98AA-37628EF29809}.Debug|Any CPU.Build.0 = Debug|Any CPU
		{7574F017-A021-4BD9-98AA-37628EF29809}.Release|Any CPU.ActiveCfg = Release|Any CPU
		{7574F017-A021-4BD9-98AA-37628EF29809}.Release|Any CPU.Build.0 = Release|Any CPU
		{55A321F7-A3FC-4AF3-B587-B1EBFE3EB198}.Debug|Any CPU.ActiveCfg = Debug|Any CPU
		{55A321F7-A3FC-4AF3-B587-B1EBFE3EB198}.Debug|Any CPU.Build.0 = Debug|Any CPU
		{55A321F7-A3FC-4AF3-B587-B1EBFE3EB198}.Release|Any CPU.ActiveCfg = Release|Any CPU
		{55A321F7-A3FC-4AF3-B587-B1EBFE3EB198}.Release|Any CPU.Build.0 = Release|Any CPU
		{343A16E8-86C9-4188-8BE5-64BCC9E7FADF}.Debug|Any CPU.ActiveCfg = Debug|Any CPU
		{343A16E8-86C9-4188-8BE5-64BCC9E7FADF}.Debug|Any CPU.Build.0 = Debug|Any CPU
		{343A16E8-86C9-4188-8BE5-64BCC9E7FADF}.Release|Any CPU.ActiveCfg = Release|Any CPU
		{343A16E8-86C9-4188-8BE5-64BCC9E7FADF}.Release|Any CPU.Build.0 = Release|Any CPU
		{FA6A5336-872D-486D-BA28-1F4E16BCA198}.Debug|Any CPU.ActiveCfg = Debug|Any CPU
		{FA6A5336-872D-486D-BA28-1F4E16BCA198}.Debug|Any CPU.Build.0 = Debug|Any CPU
		{FA6A5336-872D-486D-BA28-1F4E16BCA198}.Release|Any CPU.ActiveCfg = Release|Any CPU
		{FA6A5336-872D-486D-BA28-1F4E16BCA198}.Release|Any CPU.Build.0 = Release|Any CPU
		{29EAB3D9-D50F-4F61-AF96-23E6CBD92E45}.Debug|Any CPU.ActiveCfg = Debug|Any CPU
		{29EAB3D9-D50F-4F61-AF96-23E6CBD92E45}.Debug|Any CPU.Build.0 = Debug|Any CPU
		{29EAB3D9-D50F-4F61-AF96-23E6CBD92E45}.Release|Any CPU.ActiveCfg = Release|Any CPU
		{29EAB3D9-D50F-4F61-AF96-23E6CBD92E45}.Release|Any CPU.Build.0 = Release|Any CPU
		{1CAB2E73-9CA2-4584-8923-E70B93D2AB3E}.Debug|Any CPU.ActiveCfg = Debug|Any CPU
		{1CAB2E73-9CA2-4584-8923-E70B93D2AB3E}.Debug|Any CPU.Build.0 = Debug|Any CPU
		{1CAB2E73-9CA2-4584-8923-E70B93D2AB3E}.Release|Any CPU.ActiveCfg = Release|Any CPU
		{1CAB2E73-9CA2-4584-8923-E70B93D2AB3E}.Release|Any CPU.Build.0 = Release|Any CPU
		{52C10C82-EAA6-4C94-BDF5-AAEE23A1DB06}.Debug|Any CPU.ActiveCfg = Debug|Any CPU
		{52C10C82-EAA6-4C94-BDF5-AAEE23A1DB06}.Debug|Any CPU.Build.0 = Debug|Any CPU
		{52C10C82-EAA6-4C94-BDF5-AAEE23A1DB06}.Release|Any CPU.ActiveCfg = Release|Any CPU
		{52C10C82-EAA6-4C94-BDF5-AAEE23A1DB06}.Release|Any CPU.Build.0 = Release|Any CPU
		{B2340F6E-A184-4DE0-A19F-F992248E0C9E}.Debug|Any CPU.ActiveCfg = Debug|Any CPU
		{B2340F6E-A184-4DE0-A19F-F992248E0C9E}.Debug|Any CPU.Build.0 = Debug|Any CPU
		{B2340F6E-A184-4DE0-A19F-F992248E0C9E}.Release|Any CPU.ActiveCfg = Release|Any CPU
		{B2340F6E-A184-4DE0-A19F-F992248E0C9E}.Release|Any CPU.Build.0 = Release|Any CPU
		{DE7037DC-CF6A-4398-839F-C7AAA34F7DE0}.Debug|Any CPU.ActiveCfg = Debug|Any CPU
		{DE7037DC-CF6A-4398-839F-C7AAA34F7DE0}.Debug|Any CPU.Build.0 = Debug|Any CPU
		{DE7037DC-CF6A-4398-839F-C7AAA34F7DE0}.Release|Any CPU.ActiveCfg = Release|Any CPU
		{DE7037DC-CF6A-4398-839F-C7AAA34F7DE0}.Release|Any CPU.Build.0 = Release|Any CPU
		{C177FF9E-83D9-4B63-930D-FA08B18B3016}.Debug|Any CPU.ActiveCfg = Debug|Any CPU
		{C177FF9E-83D9-4B63-930D-FA08B18B3016}.Debug|Any CPU.Build.0 = Debug|Any CPU
		{C177FF9E-83D9-4B63-930D-FA08B18B3016}.Release|Any CPU.ActiveCfg = Release|Any CPU
		{C177FF9E-83D9-4B63-930D-FA08B18B3016}.Release|Any CPU.Build.0 = Release|Any CPU
		{D7DC3CAA-A777-4297-8668-2CAB50AA63EB}.Debug|Any CPU.ActiveCfg = Debug|Any CPU
		{D7DC3CAA-A777-4297-8668-2CAB50AA63EB}.Debug|Any CPU.Build.0 = Debug|Any CPU
		{D7DC3CAA-A777-4297-8668-2CAB50AA63EB}.Release|Any CPU.ActiveCfg = Release|Any CPU
		{D7DC3CAA-A777-4297-8668-2CAB50AA63EB}.Release|Any CPU.Build.0 = Release|Any CPU
		{3DC9488A-8D1F-4FDE-BA2A-E5E5060164EB}.Debug|Any CPU.ActiveCfg = Debug|Any CPU
		{3DC9488A-8D1F-4FDE-BA2A-E5E5060164EB}.Debug|Any CPU.Build.0 = Debug|Any CPU
		{3DC9488A-8D1F-4FDE-BA2A-E5E5060164EB}.Release|Any CPU.ActiveCfg = Release|Any CPU
		{3DC9488A-8D1F-4FDE-BA2A-E5E5060164EB}.Release|Any CPU.Build.0 = Release|Any CPU
		{9B897269-8CC1-4E23-BE46-B4EAE4B7FDD3}.Debug|Any CPU.ActiveCfg = Debug|Any CPU
		{9B897269-8CC1-4E23-BE46-B4EAE4B7FDD3}.Debug|Any CPU.Build.0 = Debug|Any CPU
		{9B897269-8CC1-4E23-BE46-B4EAE4B7FDD3}.Release|Any CPU.ActiveCfg = Release|Any CPU
		{9B897269-8CC1-4E23-BE46-B4EAE4B7FDD3}.Release|Any CPU.Build.0 = Release|Any CPU
		{8D6A80EE-1386-439F-8117-9A5FE91A2096}.Debug|Any CPU.ActiveCfg = Debug|Any CPU
		{8D6A80EE-1386-439F-8117-9A5FE91A2096}.Debug|Any CPU.Build.0 = Debug|Any CPU
		{8D6A80EE-1386-439F-8117-9A5FE91A2096}.Release|Any CPU.ActiveCfg = Release|Any CPU
		{8D6A80EE-1386-439F-8117-9A5FE91A2096}.Release|Any CPU.Build.0 = Release|Any CPU
		{CF634E17-6996-4607-BDB8-AAF291AFE2AF}.Debug|Any CPU.ActiveCfg = Debug|Any CPU
		{CF634E17-6996-4607-BDB8-AAF291AFE2AF}.Debug|Any CPU.Build.0 = Debug|Any CPU
		{CF634E17-6996-4607-BDB8-AAF291AFE2AF}.Release|Any CPU.ActiveCfg = Release|Any CPU
		{CF634E17-6996-4607-BDB8-AAF291AFE2AF}.Release|Any CPU.Build.0 = Release|Any CPU
		{7A60CC7D-489A-4B3E-9994-8DBE309D639C}.Debug|Any CPU.ActiveCfg = Debug|Any CPU
		{7A60CC7D-489A-4B3E-9994-8DBE309D639C}.Debug|Any CPU.Build.0 = Debug|Any CPU
		{7A60CC7D-489A-4B3E-9994-8DBE309D639C}.Release|Any CPU.ActiveCfg = Release|Any CPU
		{7A60CC7D-489A-4B3E-9994-8DBE309D639C}.Release|Any CPU.Build.0 = Release|Any CPU
		{5D497CB4-004F-4DD4-9A9C-0FA795665231}.Debug|Any CPU.ActiveCfg = Debug|Any CPU
		{5D497CB4-004F-4DD4-9A9C-0FA795665231}.Debug|Any CPU.Build.0 = Debug|Any CPU
		{5D497CB4-004F-4DD4-9A9C-0FA795665231}.Release|Any CPU.ActiveCfg = Release|Any CPU
		{5D497CB4-004F-4DD4-9A9C-0FA795665231}.Release|Any CPU.Build.0 = Release|Any CPU
		{75620E9B-FFDC-4244-8B00-085FE2D964DA}.Debug|Any CPU.ActiveCfg = Debug|Any CPU
		{75620E9B-FFDC-4244-8B00-085FE2D964DA}.Debug|Any CPU.Build.0 = Debug|Any CPU
		{75620E9B-FFDC-4244-8B00-085FE2D964DA}.Release|Any CPU.ActiveCfg = Release|Any CPU
		{75620E9B-FFDC-4244-8B00-085FE2D964DA}.Release|Any CPU.Build.0 = Release|Any CPU
		{E9D516CE-D0BC-4335-8863-765D8EB2A26C}.Debug|Any CPU.ActiveCfg = Debug|Any CPU
		{E9D516CE-D0BC-4335-8863-765D8EB2A26C}.Debug|Any CPU.Build.0 = Debug|Any CPU
		{E9D516CE-D0BC-4335-8863-765D8EB2A26C}.Release|Any CPU.ActiveCfg = Release|Any CPU
		{E9D516CE-D0BC-4335-8863-765D8EB2A26C}.Release|Any CPU.Build.0 = Release|Any CPU
		{4B9A1D78-2E62-4E3A-85F6-698A8A3F8C32}.Debug|Any CPU.ActiveCfg = Debug|Any CPU
		{4B9A1D78-2E62-4E3A-85F6-698A8A3F8C32}.Debug|Any CPU.Build.0 = Debug|Any CPU
		{4B9A1D78-2E62-4E3A-85F6-698A8A3F8C32}.Release|Any CPU.ActiveCfg = Release|Any CPU
		{4B9A1D78-2E62-4E3A-85F6-698A8A3F8C32}.Release|Any CPU.Build.0 = Release|Any CPU
		{DF338D8D-6EC5-4762-B981-0B7630A249F8}.Debug|Any CPU.ActiveCfg = Debug|Any CPU
		{DF338D8D-6EC5-4762-B981-0B7630A249F8}.Debug|Any CPU.Build.0 = Debug|Any CPU
		{DF338D8D-6EC5-4762-B981-0B7630A249F8}.Release|Any CPU.ActiveCfg = Release|Any CPU
		{DF338D8D-6EC5-4762-B981-0B7630A249F8}.Release|Any CPU.Build.0 = Release|Any CPU
	EndGlobalSection
	GlobalSection(SolutionProperties) = preSolution
		HideSolutionNode = FALSE
	EndGlobalSection
EndGlobal
