
Microsoft Visual Studio Solution File, Format Version 12.00
# Visual Studio 2012
Project("{FAE04EC0-301F-11D3-BF4B-00C04F79EFBC}") = "HelloWorld", "HelloWorld\HelloWorld.csproj", "{2E641E3B-AC60-406E-A05D-F4354E3D0401}"
EndProject
Project("{FAE04EC0-301F-11D3-BF4B-00C04F79EFBC}") = "Exercise1-1", "Exercise1-1\Exercise1-1.csproj", "{B5AFA6B0-D449-4125-8FEB-DCF57E8C309D}"
EndProject
Project("{FAE04EC0-301F-11D3-BF4B-00C04F79EFBC}") = "Challenge1", "Challenge1\Challenge1.csproj", "{1812AD72-BBB4-4D89-9D0C-335FD54B4EF0}"
EndProject
Project("{FAE04EC0-301F-11D3-BF4B-00C04F79EFBC}") = "Exercise3-1", "Exercise3-1\Exercise3-1.csproj", "{B1BFC1E1-7BBB-453C-AE68-D892B5767A1A}"
EndProject
Project("{FAE04EC0-301F-11D3-BF4B-00C04F79EFBC}") = "Exercise3-3", "Exercise3-3\Exercise3-3.csproj", "{02E6BEEF-AA79-4087-B68D-C2919D924E80}"
EndProject
Project("{FAE04EC0-301F-11D3-BF4B-00C04F79EFBC}") = "Exercise3-4", "Exercise3-4\Exercise3-4.csproj", "{F1178F9D-5E5D-43E9-9D74-769AC059316E}"
EndProject
Project("{FAE04EC0-301F-11D3-BF4B-00C04F79EFBC}") = "Exercise4-1", "Exercise4-1\Exercise4-1.csproj", "{30C476E4-57E3-4EB2-AA2E-B8B6C78890EE}"
EndProject
Project("{FAE04EC0-301F-11D3-BF4B-00C04F79EFBC}") = "Exercise4-3", "Exercise4-3\Exercise4-3.csproj", "{1A722AAD-654D-47E2-A05A-E19DF7219C7B}"
EndProject
Project("{FAE04EC0-301F-11D3-BF4B-00C04F79EFBC}") = "Exercise4-4", "Exercise4-4\Exercise4-4.csproj", "{B0508612-3F0F-465B-B854-BEE7D285CCCC}"
EndProject
Project("{FAE04EC0-301F-11D3-BF4B-00C04F79EFBC}") = "Exercise5-1", "Exercise5-1\Exercise5-1.csproj", "{FAAC727B-CA02-49BA-85BB-09F97AE6DEA7}"
EndProject
Project("{FAE04EC0-301F-11D3-BF4B-00C04F79EFBC}") = "Exercise5-2", "Exercise5-2\Exercise5-2.csproj", "{1C1C58FA-1257-49FA-96B4-F8139D05C863}"
EndProject
Project("{FAE04EC0-301F-11D3-BF4B-00C04F79EFBC}") = "Exercise5-3", "Exercise5-3\Exercise5-3.csproj", "{D7082657-8D5B-4FAD-8256-083E92124AD1}"
EndProject
Project("{FAE04EC0-301F-11D3-BF4B-00C04F79EFBC}") = "Exercise5-4", "Exercise5-4\Exercise5-4.csproj", "{2D006E65-F4D0-4360-93FE-D1A7AA1D096E}"
EndProject
Project("{FAE04EC0-301F-11D3-BF4B-00C04F79EFBC}") = "Exercise7-1", "Exercise7-1\Exercise7-1.csproj", "{6565DA09-9B61-4E46-8C72-ADEE572B5EA3}"
EndProject
Project("{FAE04EC0-301F-11D3-BF4B-00C04F79EFBC}") = "Exercise7-2", "Exercise7-2\Exercise7-2.csproj", "{71E84625-4B03-4CF4-9386-A620FB6EC53A}"
EndProject
Global
	GlobalSection(SolutionConfigurationPlatforms) = preSolution
		Debug|Any CPU = Debug|Any CPU
		Release|Any CPU = Release|Any CPU
	EndGlobalSection
	GlobalSection(ProjectConfigurationPlatforms) = postSolution
		{2E641E3B-AC60-406E-A05D-F4354E3D0401}.Debug|Any CPU.ActiveCfg = Debug|Any CPU
		{2E641E3B-AC60-406E-A05D-F4354E3D0401}.Debug|Any CPU.Build.0 = Debug|Any CPU
		{2E641E3B-AC60-406E-A05D-F4354E3D0401}.Release|Any CPU.ActiveCfg = Release|Any CPU
		{2E641E3B-AC60-406E-A05D-F4354E3D0401}.Release|Any CPU.Build.0 = Release|Any CPU
		{B5AFA6B0-D449-4125-8FEB-DCF57E8C309D}.Debug|Any CPU.ActiveCfg = Debug|Any CPU
		{B5AFA6B0-D449-4125-8FEB-DCF57E8C309D}.Debug|Any CPU.Build.0 = Debug|Any CPU
		{B5AFA6B0-D449-4125-8FEB-DCF57E8C309D}.Release|Any CPU.ActiveCfg = Release|Any CPU
		{B5AFA6B0-D449-4125-8FEB-DCF57E8C309D}.Release|Any CPU.Build.0 = Release|Any CPU
		{1812AD72-BBB4-4D89-9D0C-335FD54B4EF0}.Debug|Any CPU.ActiveCfg = Debug|Any CPU
		{1812AD72-BBB4-4D89-9D0C-335FD54B4EF0}.Debug|Any CPU.Build.0 = Debug|Any CPU
		{1812AD72-BBB4-4D89-9D0C-335FD54B4EF0}.Release|Any CPU.ActiveCfg = Release|Any CPU
		{1812AD72-BBB4-4D89-9D0C-335FD54B4EF0}.Release|Any CPU.Build.0 = Release|Any CPU
		{B1BFC1E1-7BBB-453C-AE68-D892B5767A1A}.Debug|Any CPU.ActiveCfg = Debug|Any CPU
		{B1BFC1E1-7BBB-453C-AE68-D892B5767A1A}.Debug|Any CPU.Build.0 = Debug|Any CPU
		{B1BFC1E1-7BBB-453C-AE68-D892B5767A1A}.Release|Any CPU.ActiveCfg = Release|Any CPU
		{B1BFC1E1-7BBB-453C-AE68-D892B5767A1A}.Release|Any CPU.Build.0 = Release|Any CPU
		{02E6BEEF-AA79-4087-B68D-C2919D924E80}.Debug|Any CPU.ActiveCfg = Debug|Any CPU
		{02E6BEEF-AA79-4087-B68D-C2919D924E80}.Debug|Any CPU.Build.0 = Debug|Any CPU
		{02E6BEEF-AA79-4087-B68D-C2919D924E80}.Release|Any CPU.ActiveCfg = Release|Any CPU
		{02E6BEEF-AA79-4087-B68D-C2919D924E80}.Release|Any CPU.Build.0 = Release|Any CPU
		{F1178F9D-5E5D-43E9-9D74-769AC059316E}.Debug|Any CPU.ActiveCfg = Debug|Any CPU
		{F1178F9D-5E5D-43E9-9D74-769AC059316E}.Debug|Any CPU.Build.0 = Debug|Any CPU
		{F1178F9D-5E5D-43E9-9D74-769AC059316E}.Release|Any CPU.ActiveCfg = Release|Any CPU
		{F1178F9D-5E5D-43E9-9D74-769AC059316E}.Release|Any CPU.Build.0 = Release|Any CPU
		{30C476E4-57E3-4EB2-AA2E-B8B6C78890EE}.Debug|Any CPU.ActiveCfg = Debug|Any CPU
		{30C476E4-57E3-4EB2-AA2E-B8B6C78890EE}.Debug|Any CPU.Build.0 = Debug|Any CPU
		{30C476E4-57E3-4EB2-AA2E-B8B6C78890EE}.Release|Any CPU.ActiveCfg = Release|Any CPU
		{30C476E4-57E3-4EB2-AA2E-B8B6C78890EE}.Release|Any CPU.Build.0 = Release|Any CPU
		{1A722AAD-654D-47E2-A05A-E19DF7219C7B}.Debug|Any CPU.ActiveCfg = Debug|Any CPU
		{1A722AAD-654D-47E2-A05A-E19DF7219C7B}.Debug|Any CPU.Build.0 = Debug|Any CPU
		{1A722AAD-654D-47E2-A05A-E19DF7219C7B}.Release|Any CPU.ActiveCfg = Release|Any CPU
		{1A722AAD-654D-47E2-A05A-E19DF7219C7B}.Release|Any CPU.Build.0 = Release|Any CPU
		{B0508612-3F0F-465B-B854-BEE7D285CCCC}.Debug|Any CPU.ActiveCfg = Debug|Any CPU
		{B0508612-3F0F-465B-B854-BEE7D285CCCC}.Debug|Any CPU.Build.0 = Debug|Any CPU
		{B0508612-3F0F-465B-B854-BEE7D285CCCC}.Release|Any CPU.ActiveCfg = Release|Any CPU
		{B0508612-3F0F-465B-B854-BEE7D285CCCC}.Release|Any CPU.Build.0 = Release|Any CPU
		{FAAC727B-CA02-49BA-85BB-09F97AE6DEA7}.Debug|Any CPU.ActiveCfg = Debug|Any CPU
		{FAAC727B-CA02-49BA-85BB-09F97AE6DEA7}.Debug|Any CPU.Build.0 = Debug|Any CPU
		{FAAC727B-CA02-49BA-85BB-09F97AE6DEA7}.Release|Any CPU.ActiveCfg = Release|Any CPU
		{FAAC727B-CA02-49BA-85BB-09F97AE6DEA7}.Release|Any CPU.Build.0 = Release|Any CPU
		{1C1C58FA-1257-49FA-96B4-F8139D05C863}.Debug|Any CPU.ActiveCfg = Debug|Any CPU
		{1C1C58FA-1257-49FA-96B4-F8139D05C863}.Debug|Any CPU.Build.0 = Debug|Any CPU
		{1C1C58FA-1257-49FA-96B4-F8139D05C863}.Release|Any CPU.ActiveCfg = Release|Any CPU
		{1C1C58FA-1257-49FA-96B4-F8139D05C863}.Release|Any CPU.Build.0 = Release|Any CPU
		{D7082657-8D5B-4FAD-8256-083E92124AD1}.Debug|Any CPU.ActiveCfg = Debug|Any CPU
		{D7082657-8D5B-4FAD-8256-083E92124AD1}.Debug|Any CPU.Build.0 = Debug|Any CPU
		{D7082657-8D5B-4FAD-8256-083E92124AD1}.Release|Any CPU.ActiveCfg = Release|Any CPU
		{D7082657-8D5B-4FAD-8256-083E92124AD1}.Release|Any CPU.Build.0 = Release|Any CPU
		{2D006E65-F4D0-4360-93FE-D1A7AA1D096E}.Debug|Any CPU.ActiveCfg = Debug|Any CPU
		{2D006E65-F4D0-4360-93FE-D1A7AA1D096E}.Debug|Any CPU.Build.0 = Debug|Any CPU
		{2D006E65-F4D0-4360-93FE-D1A7AA1D096E}.Release|Any CPU.ActiveCfg = Release|Any CPU
		{2D006E65-F4D0-4360-93FE-D1A7AA1D096E}.Release|Any CPU.Build.0 = Release|Any CPU
		{6565DA09-9B61-4E46-8C72-ADEE572B5EA3}.Debug|Any CPU.ActiveCfg = Debug|Any CPU
		{6565DA09-9B61-4E46-8C72-ADEE572B5EA3}.Debug|Any CPU.Build.0 = Debug|Any CPU
		{6565DA09-9B61-4E46-8C72-ADEE572B5EA3}.Release|Any CPU.ActiveCfg = Release|Any CPU
		{6565DA09-9B61-4E46-8C72-ADEE572B5EA3}.Release|Any CPU.Build.0 = Release|Any CPU
		{71E84625-4B03-4CF4-9386-A620FB6EC53A}.Debug|Any CPU.ActiveCfg = Debug|Any CPU
		{71E84625-4B03-4CF4-9386-A620FB6EC53A}.Debug|Any CPU.Build.0 = Debug|Any CPU
		{71E84625-4B03-4CF4-9386-A620FB6EC53A}.Release|Any CPU.ActiveCfg = Release|Any CPU
		{71E84625-4B03-4CF4-9386-A620FB6EC53A}.Release|Any CPU.Build.0 = Release|Any CPU
	EndGlobalSection
	GlobalSection(SolutionProperties) = preSolution
		HideSolutionNode = FALSE
	EndGlobalSection
EndGlobal
