
Microsoft Visual Studio Solution File, Format Version 12.00
# Visual Studio 2012
Project("{FAE04EC0-301F-11D3-BF4B-00C04F79EFBC}") = "HelloWorld", "HelloWorld\HelloWorld.csproj", "{2E641E3B-AC60-406E-A05D-F4354E3D0401}"
EndProject
Project("{FAE04EC0-301F-11D3-BF4B-00C04F79EFBC}") = "Exercise1-1", "Exercise1-1\Exercise1-1.csproj", "{B5AFA6B0-D449-4125-8FEB-DCF57E8C309D}"
EndProject
Project("{FAE04EC0-301F-11D3-BF4B-00C04F79EFBC}") = "Challenge1", "Challenge1\Challenge1.csproj", "{1812AD72-BBB4-4D89-9D0C-335FD54B4EF0}"
EndProject
Project("{FAE04EC0-301F-11D3-BF4B-00C04F79EFBC}") = "Exercise3-1", "Exercise3-1\Exercise3-1.csproj", "{B1BFC1E1-7BBB-453C-AE68-D892B5767A1A}"
EndProject
Project("{FAE04EC0-301F-11D3-BF4B-00C04F79EFBC}") = "Exercise3-3", "Exercise3-3\Exercise3-3.csproj", "{02E6BEEF-AA79-4087-B68D-C2919D924E80}"
EndProject
Global
	GlobalSection(SolutionConfigurationPlatforms) = preSolution
		Debug|Any CPU = Debug|Any CPU
		Release|Any CPU = Release|Any CPU
	EndGlobalSection
	GlobalSection(ProjectConfigurationPlatforms) = postSolution
		{2E641E3B-AC60-406E-A05D-F4354E3D0401}.Debug|Any CPU.ActiveCfg = Debug|Any CPU
		{2E641E3B-AC60-406E-A05D-F4354E3D0401}.Debug|Any CPU.Build.0 = Debug|Any CPU
		{2E641E3B-AC60-406E-A05D-F4354E3D0401}.Release|Any CPU.ActiveCfg = Release|Any CPU
		{2E641E3B-AC60-406E-A05D-F4354E3D0401}.Release|Any CPU.Build.0 = Release|Any CPU
		{B5AFA6B0-D449-4125-8FEB-DCF57E8C309D}.Debug|Any CPU.ActiveCfg = Debug|Any CPU
		{B5AFA6B0-D449-4125-8FEB-DCF57E8C309D}.Debug|Any CPU.Build.0 = Debug|Any CPU
		{B5AFA6B0-D449-4125-8FEB-DCF57E8C309D}.Release|Any CPU.ActiveCfg = Release|Any CPU
		{B5AFA6B0-D449-4125-8FEB-DCF57E8C309D}.Release|Any CPU.Build.0 = Release|Any CPU
		{1812AD72-BBB4-4D89-9D0C-335FD54B4EF0}.Debug|Any CPU.ActiveCfg = Debug|Any CPU
		{1812AD72-BBB4-4D89-9D0C-335FD54B4EF0}.Debug|Any CPU.Build.0 = Debug|Any CPU
		{1812AD72-BBB4-4D89-9D0C-335FD54B4EF0}.Release|Any CPU.ActiveCfg = Release|Any CPU
		{1812AD72-BBB4-4D89-9D0C-335FD54B4EF0}.Release|Any CPU.Build.0 = Release|Any CPU
		{B1BFC1E1-7BBB-453C-AE68-D892B5767A1A}.Debug|Any CPU.ActiveCfg = Debug|Any CPU
		{B1BFC1E1-7BBB-453C-AE68-D892B5767A1A}.Debug|Any CPU.Build.0 = Debug|Any CPU
		{B1BFC1E1-7BBB-453C-AE68-D892B5767A1A}.Release|Any CPU.ActiveCfg = Release|Any CPU
		{B1BFC1E1-7BBB-453C-AE68-D892B5767A1A}.Release|Any CPU.Build.0 = Release|Any CPU
		{02E6BEEF-AA79-4087-B68D-C2919D924E80}.Debug|Any CPU.ActiveCfg = Debug|Any CPU
		{02E6BEEF-AA79-4087-B68D-C2919D924E80}.Debug|Any CPU.Build.0 = Debug|Any CPU
		{02E6BEEF-AA79-4087-B68D-C2919D924E80}.Release|Any CPU.ActiveCfg = Release|Any CPU
		{02E6BEEF-AA79-4087-B68D-C2919D924E80}.Release|Any CPU.Build.0 = Release|Any CPU
	EndGlobalSection
	GlobalSection(SolutionProperties) = preSolution
		HideSolutionNode = FALSE
	EndGlobalSection
EndGlobal
